// !$*UTF8*$!
{
	archiveVersion = 1;
	classes = {
	};
	objectVersion = 51;
	objects = {

/* Begin PBXBuildFile section */
		32339884266DC4D4006F25A2 /* API.swift in Sources */ = {isa = PBXBuildFile; fileRef = 32339883266DC4D4006F25A2 /* API.swift */; };
		32339887266DC7EA006F25A2 /* Route.swift in Sources */ = {isa = PBXBuildFile; fileRef = 32339886266DC7EA006F25A2 /* Route.swift */; };
		32339889266DC88D006F25A2 /* BaseKMBResponse.swift in Sources */ = {isa = PBXBuildFile; fileRef = 32339888266DC88D006F25A2 /* BaseKMBResponse.swift */; };
		3233988C266DF052006F25A2 /* ViewControllerInteractor.swift in Sources */ = {isa = PBXBuildFile; fileRef = 3233988B266DF052006F25A2 /* ViewControllerInteractor.swift */; };
		32339892266DF9A1006F25A2 /* Plugins.swift in Sources */ = {isa = PBXBuildFile; fileRef = 32339891266DF9A0006F25A2 /* Plugins.swift */; };
		3234B5C9266A020800F9729A /* AppDelegate.swift in Sources */ = {isa = PBXBuildFile; fileRef = 3234B5C8266A020800F9729A /* AppDelegate.swift */; };
		3234B5CB266A020800F9729A /* SceneDelegate.swift in Sources */ = {isa = PBXBuildFile; fileRef = 3234B5CA266A020800F9729A /* SceneDelegate.swift */; };
		3234B5CD266A020800F9729A /* ViewController.swift in Sources */ = {isa = PBXBuildFile; fileRef = 3234B5CC266A020800F9729A /* ViewController.swift */; };
		3234B5D0266A020800F9729A /* Main.storyboard in Resources */ = {isa = PBXBuildFile; fileRef = 3234B5CE266A020800F9729A /* Main.storyboard */; };
		3234B5D2266A020800F9729A /* Assets.xcassets in Resources */ = {isa = PBXBuildFile; fileRef = 3234B5D1266A020800F9729A /* Assets.xcassets */; };
		3234B5D5266A020800F9729A /* LaunchScreen.storyboard in Resources */ = {isa = PBXBuildFile; fileRef = 3234B5D3266A020800F9729A /* LaunchScreen.storyboard */; };
		3288B7B2266D390E006BDD45 /* Pods_ios_network_layer_demo.framework in Frameworks */ = {isa = PBXBuildFile; fileRef = ACB5B6663337A5CD1FE12832 /* Pods_ios_network_layer_demo.framework */; };
		3288B7BC266DB840006BDD45 /* NetworkService.swift in Sources */ = {isa = PBXBuildFile; fileRef = 3288B7BB266DB840006BDD45 /* NetworkService.swift */; };
/* End PBXBuildFile section */

/* Begin PBXFileReference section */
		32339883266DC4D4006F25A2 /* API.swift */ = {isa = PBXFileReference; lastKnownFileType = sourcecode.swift; path = API.swift; sourceTree = "<group>"; };
		32339886266DC7EA006F25A2 /* Route.swift */ = {isa = PBXFileReference; lastKnownFileType = sourcecode.swift; path = Route.swift; sourceTree = "<group>"; };
		32339888266DC88D006F25A2 /* BaseKMBResponse.swift */ = {isa = PBXFileReference; lastKnownFileType = sourcecode.swift; path = BaseKMBResponse.swift; sourceTree = "<group>"; };
		3233988B266DF052006F25A2 /* ViewControllerInteractor.swift */ = {isa = PBXFileReference; lastKnownFileType = sourcecode.swift; path = ViewControllerInteractor.swift; sourceTree = "<group>"; };
		32339891266DF9A0006F25A2 /* Plugins.swift */ = {isa = PBXFileReference; lastKnownFileType = sourcecode.swift; path = Plugins.swift; sourceTree = "<group>"; };
		3234B5C5266A020800F9729A /* ios-network-layer-demo.app */ = {isa = PBXFileReference; explicitFileType = wrapper.application; includeInIndex = 0; path = "ios-network-layer-demo.app"; sourceTree = BUILT_PRODUCTS_DIR; };
		3234B5C8266A020800F9729A /* AppDelegate.swift */ = {isa = PBXFileReference; lastKnownFileType = sourcecode.swift; path = AppDelegate.swift; sourceTree = "<group>"; };
		3234B5CA266A020800F9729A /* SceneDelegate.swift */ = {isa = PBXFileReference; lastKnownFileType = sourcecode.swift; path = SceneDelegate.swift; sourceTree = "<group>"; };
		3234B5CC266A020800F9729A /* ViewController.swift */ = {isa = PBXFileReference; lastKnownFileType = sourcecode.swift; path = ViewController.swift; sourceTree = "<group>"; };
		3234B5CF266A020800F9729A /* Base */ = {isa = PBXFileReference; lastKnownFileType = file.storyboard; name = Base; path = Base.lproj/Main.storyboard; sourceTree = "<group>"; };
		3234B5D1266A020800F9729A /* Assets.xcassets */ = {isa = PBXFileReference; lastKnownFileType = folder.assetcatalog; path = Assets.xcassets; sourceTree = "<group>"; };
		3234B5D4266A020800F9729A /* Base */ = {isa = PBXFileReference; lastKnownFileType = file.storyboard; name = Base; path = Base.lproj/LaunchScreen.storyboard; sourceTree = "<group>"; };
		3234B5D6266A020800F9729A /* Info.plist */ = {isa = PBXFileReference; lastKnownFileType = text.plist.xml; path = Info.plist; sourceTree = "<group>"; };
		3288B7BB266DB840006BDD45 /* NetworkService.swift */ = {isa = PBXFileReference; lastKnownFileType = sourcecode.swift; path = NetworkService.swift; sourceTree = "<group>"; };
		77AA1FF5774C9D19B60DE962 /* Pods-ios-network-layer-demo.debug.xcconfig */ = {isa = PBXFileReference; includeInIndex = 1; lastKnownFileType = text.xcconfig; name = "Pods-ios-network-layer-demo.debug.xcconfig"; path = "Target Support Files/Pods-ios-network-layer-demo/Pods-ios-network-layer-demo.debug.xcconfig"; sourceTree = "<group>"; };
		ACB5B6663337A5CD1FE12832 /* Pods_ios_network_layer_demo.framework */ = {isa = PBXFileReference; explicitFileType = wrapper.framework; includeInIndex = 0; path = Pods_ios_network_layer_demo.framework; sourceTree = BUILT_PRODUCTS_DIR; };
		BFCFF7C1526F30F7AB50BEE4 /* Pods-ios-network-layer-demo.release.xcconfig */ = {isa = PBXFileReference; includeInIndex = 1; lastKnownFileType = text.xcconfig; name = "Pods-ios-network-layer-demo.release.xcconfig"; path = "Target Support Files/Pods-ios-network-layer-demo/Pods-ios-network-layer-demo.release.xcconfig"; sourceTree = "<group>"; };
/* End PBXFileReference section */

/* Begin PBXFrameworksBuildPhase section */
		3234B5C2266A020800F9729A /* Frameworks */ = {
			isa = PBXFrameworksBuildPhase;
			buildActionMask = 2147483647;
			files = (
				3288B7B2266D390E006BDD45 /* Pods_ios_network_layer_demo.framework in Frameworks */,
			);
			runOnlyForDeploymentPostprocessing = 0;
		};
/* End PBXFrameworksBuildPhase section */

/* Begin PBXGroup section */
		32339885266DC7C7006F25A2 /* Model */ = {
			isa = PBXGroup;
			children = (
				3233988A266DC907006F25A2 /* Base */,
				32339886266DC7EA006F25A2 /* Route.swift */,
			);
			path = Model;
			sourceTree = "<group>";
		};
		3233988A266DC907006F25A2 /* Base */ = {
			isa = PBXGroup;
			children = (
				32339888266DC88D006F25A2 /* BaseKMBResponse.swift */,
			);
			path = Base;
			sourceTree = "<group>";
		};
		3233988D266DF086006F25A2 /* ViewController */ = {
			isa = PBXGroup;
			children = (
				3234B5CC266A020800F9729A /* ViewController.swift */,
				3233988B266DF052006F25A2 /* ViewControllerInteractor.swift */,
			);
			path = ViewController;
			sourceTree = "<group>";
		};
		32339890266DF995006F25A2 /* Config */ = {
			isa = PBXGroup;
			children = (
				32339891266DF9A0006F25A2 /* Plugins.swift */,
			);
			path = Config;
			sourceTree = "<group>";
		};
		3234B5BC266A020800F9729A = {
			isa = PBXGroup;
			children = (
				3234B5C7266A020800F9729A /* ios-network-layer-demo */,
				3234B5C6266A020800F9729A /* Products */,
				3841DA33928491C474F0F7B6 /* Pods */,
				A6E11FF87020C3A8A454E3B4 /* Frameworks */,
			);
			sourceTree = "<group>";
		};
		3234B5C6266A020800F9729A /* Products */ = {
			isa = PBXGroup;
			children = (
				3234B5C5266A020800F9729A /* ios-network-layer-demo.app */,
			);
			name = Products;
			sourceTree = "<group>";
		};
		3234B5C7266A020800F9729A /* ios-network-layer-demo */ = {
			isa = PBXGroup;
			children = (
				3233988D266DF086006F25A2 /* ViewController */,
				3234B5E6266A0A5600F9729A /* NetworkService */,
				3234B5C8266A020800F9729A /* AppDelegate.swift */,
				3234B5CA266A020800F9729A /* SceneDelegate.swift */,
				3234B5CE266A020800F9729A /* Main.storyboard */,
				3234B5D1266A020800F9729A /* Assets.xcassets */,
				3234B5D3266A020800F9729A /* LaunchScreen.storyboard */,
				3234B5D6266A020800F9729A /* Info.plist */,
			);
			path = "ios-network-layer-demo";
			sourceTree = "<group>";
		};
		3234B5E6266A0A5600F9729A /* NetworkService */ = {
			isa = PBXGroup;
			children = (
				32339890266DF995006F25A2 /* Config */,
				32339885266DC7C7006F25A2 /* Model */,
				3288B7BB266DB840006BDD45 /* NetworkService.swift */,
				32339883266DC4D4006F25A2 /* API.swift */,
			);
			path = NetworkService;
			sourceTree = "<group>";
		};
		3841DA33928491C474F0F7B6 /* Pods */ = {
			isa = PBXGroup;
			children = (
				77AA1FF5774C9D19B60DE962 /* Pods-ios-network-layer-demo.debug.xcconfig */,
				BFCFF7C1526F30F7AB50BEE4 /* Pods-ios-network-layer-demo.release.xcconfig */,
			);
			path = Pods;
			sourceTree = "<group>";
		};
		A6E11FF87020C3A8A454E3B4 /* Frameworks */ = {
			isa = PBXGroup;
			children = (
				ACB5B6663337A5CD1FE12832 /* Pods_ios_network_layer_demo.framework */,
			);
			name = Frameworks;
			sourceTree = "<group>";
		};
/* End PBXGroup section */

/* Begin PBXNativeTarget section */
		3234B5C4266A020800F9729A /* ios-network-layer-demo */ = {
			isa = PBXNativeTarget;
			buildConfigurationList = 3234B5D9266A020800F9729A /* Build configuration list for PBXNativeTarget "ios-network-layer-demo" */;
			buildPhases = (
				5A4369DDF3BC08A22C5AD487 /* [CP] Check Pods Manifest.lock */,
				3234B5C1266A020800F9729A /* Sources */,
				3234B5C2266A020800F9729A /* Frameworks */,
				3234B5C3266A020800F9729A /* Resources */,
				B5AA970660D949F13F2A2271 /* [CP] Embed Pods Frameworks */,
			);
			buildRules = (
			);
			dependencies = (
			);
			name = "ios-network-layer-demo";
			productName = "ios-network-layer-demo";
			productReference = 3234B5C5266A020800F9729A /* ios-network-layer-demo.app */;
			productType = "com.apple.product-type.application";
		};
/* End PBXNativeTarget section */

/* Begin PBXProject section */
		3234B5BD266A020800F9729A /* Project object */ = {
			isa = PBXProject;
			attributes = {
				LastSwiftUpdateCheck = 1250;
				LastUpgradeCheck = 1250;
				TargetAttributes = {
					3234B5C4266A020800F9729A = {
						CreatedOnToolsVersion = 12.5;
					};
				};
			};
			buildConfigurationList = 3234B5C0266A020800F9729A /* Build configuration list for PBXProject "ios-network-layer-demo" */;
			compatibilityVersion = "Xcode 9.3";
			developmentRegion = en;
			hasScannedForEncodings = 0;
			knownRegions = (
				en,
				Base,
			);
			mainGroup = 3234B5BC266A020800F9729A;
			productRefGroup = 3234B5C6266A020800F9729A /* Products */;
			projectDirPath = "";
			projectRoot = "";
			targets = (
				3234B5C4266A020800F9729A /* ios-network-layer-demo */,
			);
		};
/* End PBXProject section */

/* Begin PBXResourcesBuildPhase section */
		3234B5C3266A020800F9729A /* Resources */ = {
			isa = PBXResourcesBuildPhase;
			buildActionMask = 2147483647;
			files = (
				3234B5D5266A020800F9729A /* LaunchScreen.storyboard in Resources */,
				3234B5D2266A020800F9729A /* Assets.xcassets in Resources */,
				3234B5D0266A020800F9729A /* Main.storyboard in Resources */,
			);
			runOnlyForDeploymentPostprocessing = 0;
		};
/* End PBXResourcesBuildPhase section */

/* Begin PBXShellScriptBuildPhase section */
		5A4369DDF3BC08A22C5AD487 /* [CP] Check Pods Manifest.lock */ = {
			isa = PBXShellScriptBuildPhase;
			buildActionMask = 2147483647;
			files = (
			);
			inputFileListPaths = (
			);
			inputPaths = (
				"${PODS_PODFILE_DIR_PATH}/Podfile.lock",
				"${PODS_ROOT}/Manifest.lock",
			);
			name = "[CP] Check Pods Manifest.lock";
			outputFileListPaths = (
			);
			outputPaths = (
				"$(DERIVED_FILE_DIR)/Pods-ios-network-layer-demo-checkManifestLockResult.txt",
			);
			runOnlyForDeploymentPostprocessing = 0;
			shellPath = /bin/sh;
			shellScript = "diff \"${PODS_PODFILE_DIR_PATH}/Podfile.lock\" \"${PODS_ROOT}/Manifest.lock\" > /dev/null\nif [ $? != 0 ] ; then\n    # print error to STDERR\n    echo \"error: The sandbox is not in sync with the Podfile.lock. Run 'pod install' or update your CocoaPods installation.\" >&2\n    exit 1\nfi\n# This output is used by Xcode 'outputs' to avoid re-running this script phase.\necho \"SUCCESS\" > \"${SCRIPT_OUTPUT_FILE_0}\"\n";
			showEnvVarsInLog = 0;
		};
		B5AA970660D949F13F2A2271 /* [CP] Embed Pods Frameworks */ = {
			isa = PBXShellScriptBuildPhase;
			buildActionMask = 2147483647;
			files = (
			);
			inputFileListPaths = (
				"${PODS_ROOT}/Target Support Files/Pods-ios-network-layer-demo/Pods-ios-network-layer-demo-frameworks-${CONFIGURATION}-input-files.xcfilelist",
			);
			name = "[CP] Embed Pods Frameworks";
			outputFileListPaths = (
				"${PODS_ROOT}/Target Support Files/Pods-ios-network-layer-demo/Pods-ios-network-layer-demo-frameworks-${CONFIGURATION}-output-files.xcfilelist",
			);
			runOnlyForDeploymentPostprocessing = 0;
			shellPath = /bin/sh;
			shellScript = "\"${PODS_ROOT}/Target Support Files/Pods-ios-network-layer-demo/Pods-ios-network-layer-demo-frameworks.sh\"\n";
			showEnvVarsInLog = 0;
		};
/* End PBXShellScriptBuildPhase section */

/* Begin PBXSourcesBuildPhase section */
		3234B5C1266A020800F9729A /* Sources */ = {
			isa = PBXSourcesBuildPhase;
			buildActionMask = 2147483647;
			files = (
				3234B5CD266A020800F9729A /* ViewController.swift in Sources */,
				3234B5C9266A020800F9729A /* AppDelegate.swift in Sources */,
				3234B5CB266A020800F9729A /* SceneDelegate.swift in Sources */,
				3233988C266DF052006F25A2 /* ViewControllerInteractor.swift in Sources */,
				32339887266DC7EA006F25A2 /* Route.swift in Sources */,
				3288B7BC266DB840006BDD45 /* NetworkService.swift in Sources */,
				32339889266DC88D006F25A2 /* BaseKMBResponse.swift in Sources */,
				32339884266DC4D4006F25A2 /* API.swift in Sources */,
				32339892266DF9A1006F25A2 /* Plugins.swift in Sources */,
			);
			runOnlyForDeploymentPostprocessing = 0;
		};
/* End PBXSourcesBuildPhase section */

/* Begin PBXVariantGroup section */
		3234B5CE266A020800F9729A /* Main.storyboard */ = {
			isa = PBXVariantGroup;
			children = (
				3234B5CF266A020800F9729A /* Base */,
			);
			name = Main.storyboard;
			sourceTree = "<group>";
		};
		3234B5D3266A020800F9729A /* LaunchScreen.storyboard */ = {
			isa = PBXVariantGroup;
			children = (
				3234B5D4266A020800F9729A /* Base */,
			);
			name = LaunchScreen.storyboard;
			sourceTree = "<group>";
		};
/* End PBXVariantGroup section */

/* Begin XCBuildConfiguration section */
		3234B5D7266A020800F9729A /* Debug */ = {
			isa = XCBuildConfiguration;
			buildSettings = {
				ALWAYS_SEARCH_USER_PATHS = NO;
				CLANG_ANALYZER_NONNULL = YES;
				CLANG_ANALYZER_NUMBER_OBJECT_CONVERSION = YES_AGGRESSIVE;
				CLANG_CXX_LANGUAGE_STANDARD = "gnu++14";
				CLANG_CXX_LIBRARY = "libc++";
				CLANG_ENABLE_MODULES = YES;
				CLANG_ENABLE_OBJC_ARC = YES;
				CLANG_ENABLE_OBJC_WEAK = YES;
				CLANG_WARN_BLOCK_CAPTURE_AUTORELEASING = YES;
				CLANG_WARN_BOOL_CONVERSION = YES;
				CLANG_WARN_COMMA = YES;
				CLANG_WARN_CONSTANT_CONVERSION = YES;
				CLANG_WARN_DEPRECATED_OBJC_IMPLEMENTATIONS = YES;
				CLANG_WARN_DIRECT_OBJC_ISA_USAGE = YES_ERROR;
				CLANG_WARN_DOCUMENTATION_COMMENTS = YES;
				CLANG_WARN_EMPTY_BODY = YES;
				CLANG_WARN_ENUM_CONVERSION = YES;
				CLANG_WARN_INFINITE_RECURSION = YES;
				CLANG_WARN_INT_CONVERSION = YES;
				CLANG_WARN_NON_LITERAL_NULL_CONVERSION = YES;
				CLANG_WARN_OBJC_IMPLICIT_RETAIN_SELF = YES;
				CLANG_WARN_OBJC_LITERAL_CONVERSION = YES;
				CLANG_WARN_OBJC_ROOT_CLASS = YES_ERROR;
				CLANG_WARN_QUOTED_INCLUDE_IN_FRAMEWORK_HEADER = YES;
				CLANG_WARN_RANGE_LOOP_ANALYSIS = YES;
				CLANG_WARN_STRICT_PROTOTYPES = YES;
				CLANG_WARN_SUSPICIOUS_MOVE = YES;
				CLANG_WARN_UNGUARDED_AVAILABILITY = YES_AGGRESSIVE;
				CLANG_WARN_UNREACHABLE_CODE = YES;
				CLANG_WARN__DUPLICATE_METHOD_MATCH = YES;
				COPY_PHASE_STRIP = NO;
				DEBUG_INFORMATION_FORMAT = dwarf;
				ENABLE_STRICT_OBJC_MSGSEND = YES;
				ENABLE_TESTABILITY = YES;
				"EXCLUDED_ARCHS[sdk=iphonesimulator*]" = arm64;
				GCC_C_LANGUAGE_STANDARD = gnu11;
				GCC_DYNAMIC_NO_PIC = NO;
				GCC_NO_COMMON_BLOCKS = YES;
				GCC_OPTIMIZATION_LEVEL = 0;
				GCC_PREPROCESSOR_DEFINITIONS = (
					"DEBUG=1",
					"$(inherited)",
				);
				GCC_WARN_64_TO_32_BIT_CONVERSION = YES;
				GCC_WARN_ABOUT_RETURN_TYPE = YES_ERROR;
				GCC_WARN_UNDECLARED_SELECTOR = YES;
				GCC_WARN_UNINITIALIZED_AUTOS = YES_AGGRESSIVE;
				GCC_WARN_UNUSED_FUNCTION = YES;
				GCC_WARN_UNUSED_VARIABLE = YES;
				IPHONEOS_DEPLOYMENT_TARGET = 13.0;
				MTL_ENABLE_DEBUG_INFO = INCLUDE_SOURCE;
				MTL_FAST_MATH = YES;
				ONLY_ACTIVE_ARCH = YES;
				SDKROOT = iphoneos;
				SWIFT_ACTIVE_COMPILATION_CONDITIONS = DEBUG;
				SWIFT_OPTIMIZATION_LEVEL = "-Onone";
			};
			name = Debug;
		};
		3234B5D8266A020800F9729A /* Release */ = {
			isa = XCBuildConfiguration;
			buildSettings = {
				ALWAYS_SEARCH_USER_PATHS = NO;
				CLANG_ANALYZER_NONNULL = YES;
				CLANG_ANALYZER_NUMBER_OBJECT_CONVERSION = YES_AGGRESSIVE;
				CLANG_CXX_LANGUAGE_STANDARD = "gnu++14";
				CLANG_CXX_LIBRARY = "libc++";
				CLANG_ENABLE_MODULES = YES;
				CLANG_ENABLE_OBJC_ARC = YES;
				CLANG_ENABLE_OBJC_WEAK = YES;
				CLANG_WARN_BLOCK_CAPTURE_AUTORELEASING = YES;
				CLANG_WARN_BOOL_CONVERSION = YES;
				CLANG_WARN_COMMA = YES;
				CLANG_WARN_CONSTANT_CONVERSION = YES;
				CLANG_WARN_DEPRECATED_OBJC_IMPLEMENTATIONS = YES;
				CLANG_WARN_DIRECT_OBJC_ISA_USAGE = YES_ERROR;
				CLANG_WARN_DOCUMENTATION_COMMENTS = YES;
				CLANG_WARN_EMPTY_BODY = YES;
				CLANG_WARN_ENUM_CONVERSION = YES;
				CLANG_WARN_INFINITE_RECURSION = YES;
				CLANG_WARN_INT_CONVERSION = YES;
				CLANG_WARN_NON_LITERAL_NULL_CONVERSION = YES;
				CLANG_WARN_OBJC_IMPLICIT_RETAIN_SELF = YES;
				CLANG_WARN_OBJC_LITERAL_CONVERSION = YES;
				CLANG_WARN_OBJC_ROOT_CLASS = YES_ERROR;
				CLANG_WARN_QUOTED_INCLUDE_IN_FRAMEWORK_HEADER = YES;
				CLANG_WARN_RANGE_LOOP_ANALYSIS = YES;
				CLANG_WARN_STRICT_PROTOTYPES = YES;
				CLANG_WARN_SUSPICIOUS_MOVE = YES;
				CLANG_WARN_UNGUARDED_AVAILABILITY = YES_AGGRESSIVE;
				CLANG_WARN_UNREACHABLE_CODE = YES;
				CLANG_WARN__DUPLICATE_METHOD_MATCH = YES;
				COPY_PHASE_STRIP = NO;
				DEBUG_INFORMATION_FORMAT = "dwarf-with-dsym";
				ENABLE_NS_ASSERTIONS = NO;
				ENABLE_STRICT_OBJC_MSGSEND = YES;
				GCC_C_LANGUAGE_STANDARD = gnu11;
				GCC_NO_COMMON_BLOCKS = YES;
				GCC_WARN_64_TO_32_BIT_CONVERSION = YES;
				GCC_WARN_ABOUT_RETURN_TYPE = YES_ERROR;
				GCC_WARN_UNDECLARED_SELECTOR = YES;
				GCC_WARN_UNINITIALIZED_AUTOS = YES_AGGRESSIVE;
				GCC_WARN_UNUSED_FUNCTION = YES;
				GCC_WARN_UNUSED_VARIABLE = YES;
				IPHONEOS_DEPLOYMENT_TARGET = 13.0;
				MTL_ENABLE_DEBUG_INFO = NO;
				MTL_FAST_MATH = YES;
				SDKROOT = iphoneos;
				SWIFT_COMPILATION_MODE = wholemodule;
				SWIFT_OPTIMIZATION_LEVEL = "-O";
				VALIDATE_PRODUCT = YES;
			};
			name = Release;
		};
		3234B5DA266A020800F9729A /* Debug */ = {
			isa = XCBuildConfiguration;
			baseConfigurationReference = 77AA1FF5774C9D19B60DE962 /* Pods-ios-network-layer-demo.debug.xcconfig */;
			buildSettings = {
				ASSETCATALOG_COMPILER_APPICON_NAME = AppIcon;
				ASSETCATALOG_COMPILER_GLOBAL_ACCENT_COLOR_NAME = AccentColor;
				CODE_SIGN_STYLE = Automatic;
				EXCLUDED_ARCHS = "";
				"EXCLUDED_ARCHS[sdk=iphonesimulator*]" = arm64;
				INFOPLIST_FILE = "ios-network-layer-demo/Info.plist";
				LD_RUNPATH_SEARCH_PATHS = (
					"$(inherited)",
					"@executable_path/Frameworks",
				);
				PRODUCT_BUNDLE_IDENTIFIER = "billychan.ios-network-layer-demo";
				PRODUCT_NAME = "$(TARGET_NAME)";
				SWIFT_VERSION = 5.0;
				TARGETED_DEVICE_FAMILY = "1,2";
			};
			name = Debug;
		};
		3234B5DB266A020800F9729A /* Release */ = {
			isa = XCBuildConfiguration;
			baseConfigurationReference = BFCFF7C1526F30F7AB50BEE4 /* Pods-ios-network-layer-demo.release.xcconfig */;
			buildSettings = {
				ASSETCATALOG_COMPILER_APPICON_NAME = AppIcon;
				ASSETCATALOG_COMPILER_GLOBAL_ACCENT_COLOR_NAME = AccentColor;
				CODE_SIGN_STYLE = Automatic;
				EXCLUDED_ARCHS = "";
				INFOPLIST_FILE = "ios-network-layer-demo/Info.plist";
				LD_RUNPATH_SEARCH_PATHS = (
					"$(inherited)",
					"@executable_path/Frameworks",
				);
				PRODUCT_BUNDLE_IDENTIFIER = "billychan.ios-network-layer-demo";
				PRODUCT_NAME = "$(TARGET_NAME)";
				SWIFT_VERSION = 5.0;
				TARGETED_DEVICE_FAMILY = "1,2";
			};
			name = Release;
		};
/* End XCBuildConfiguration section */

/* Begin XCConfigurationList section */
		3234B5C0266A020800F9729A /* Build configuration list for PBXProject "ios-network-layer-demo" */ = {
			isa = XCConfigurationList;
			buildConfigurations = (
				3234B5D7266A020800F9729A /* Debug */,
				3234B5D8266A020800F9729A /* Release */,
			);
			defaultConfigurationIsVisible = 0;
			defaultConfigurationName = Release;
		};
		3234B5D9266A020800F9729A /* Build configuration list for PBXNativeTarget "ios-network-layer-demo" */ = {
			isa = XCConfigurationList;
			buildConfigurations = (
				3234B5DA266A020800F9729A /* Debug */,
				3234B5DB266A020800F9729A /* Release */,
			);
			defaultConfigurationIsVisible = 0;
			defaultConfigurationName = Release;
		};
/* End XCConfigurationList section */
	};
	rootObject = 3234B5BD266A020800F9729A /* Project object */;
}
